# @generated - this file is auto-generated by `mise lock` https://mise.jdx.dev/dev-tools/mise-lock.html

lockfile_version = 3

[[tools."aqua:EmbarkStudios/cargo-deny"]]
version = "0.20.2"
backend = "aqua:EmbarkStudios/cargo-deny"
specifiers = ["0.20.2"]

[tools."aqua:EmbarkStudios/cargo-deny"."platforms.linux-arm64"]
checksum = "sha256:995c82be0defc7a025cae49a2aa2644ce8245c9a3318fc4103907c6a285e8c7d"
url = "https://github.com/EmbarkStudios/cargo-deny/releases/download/0.20.2/cargo-deny-0.20.2-aarch64-unknown-linux-musl.tar.gz"
url_api = "https://api.github.com/repos/EmbarkStudios/cargo-deny/releases/assets/471598345"

[tools."aqua:EmbarkStudios/cargo-deny"."platforms.linux-arm64-musl"]
checksum = "sha256:995c82be0defc7a025cae49a2aa2644ce8245c9a3318fc4103907c6a285e8c7d"
url = "https://github.com/EmbarkStudios/cargo-deny/releases/download/0.20.2/cargo-deny-0.20.2-aarch64-unknown-linux-musl.tar.gz"
url_api = "https://api.github.com/repos/EmbarkStudios/cargo-deny/releases/assets/471598345"

[tools."aqua:EmbarkStudios/cargo-deny"."platforms.linux-x64"]
checksum = "sha256:9f12ed4c49936e09b48bf862b595cde2fe64fcbd9d74dfacac6131ca824c8d5f"
url = "https://github.com/EmbarkStudios/cargo-deny/releases/download/0.20.2/cargo-deny-0.20.2-x86_64-unknown-linux-musl.tar.gz"
url_api = "https://api.github.com/repos/EmbarkStudios/cargo-deny/releases/assets/471598214"

[tools."aqua:EmbarkStudios/cargo-deny"."platforms.linux-x64-musl"]
checksum = "sha256:9f12ed4c49936e09b48bf862b595cde2fe64fcbd9d74dfacac6131ca824c8d5f"
url = "https://github.com/EmbarkStudios/cargo-deny/releases/download/0.20.2/cargo-deny-0.20.2-x86_64-unknown-linux-musl.tar.gz"
url_api = "https://api.github.com/repos/EmbarkStudios/cargo-deny/releases/assets/471598214"

[tools."aqua:EmbarkStudios/cargo-deny"."platforms.macos-arm64"]
checksum = "sha256:fe67d82a10d8597a3549364cb733a3f9cc1bfff9031b7ae46384a9f2a72090c3"
url = "https://github.com/EmbarkStudios/cargo-deny/releases/download/0.20.2/cargo-deny-0.20.2-aarch64-apple-darwin.tar.gz"
url_api = "https://api.github.com/repos/EmbarkStudios/cargo-deny/releases/assets/471597689"

[tools."aqua:EmbarkStudios/cargo-deny"."platforms.macos-x64"]
checksum = "sha256:248da7f581724e470071990c088ffc55c811981715f4cbdb258621fb79f8b7a6"
url = "https://github.com/EmbarkStudios/cargo-deny/releases/download/0.20.2/cargo-deny-0.20.2-x86_64-apple-darwin.tar.gz"
url_api = "https://api.github.com/repos/EmbarkStudios/cargo-deny/releases/assets/471598357"

[tools."aqua:EmbarkStudios/cargo-deny"."platforms.windows-x64"]
checksum = "sha256:975a22143262fd27476d19ee00c7af67978426e40e1dee94eed6bbade1cf87dc"
url = "https://github.com/EmbarkStudios/cargo-deny/releases/download/0.20.2/cargo-deny-0.20.2-x86_64-pc-windows-msvc.tar.gz"
url_api = "https://api.github.com/repos/EmbarkStudios/cargo-deny/releases/assets/471599057"

[[tools."aqua:cli/cli"]]
version = "2.101.0"
backend = "aqua:cli/cli"
specifiers = ["2.101.0"]

[tools."aqua:cli/cli"."platforms.linux-arm64"]
checksum = "sha256:b57e8063f18862647c9d22727c32e9da1b963f8bf9db648fe123a6975695640f"
url = "https://github.com/cli/cli/releases/download/v2.101.0/gh_2.101.0_linux_arm64.tar.gz"
url_api = "https://api.github.com/repos/cli/cli/releases/assets/565857147"
provenance = "github-attestations"

[tools."aqua:cli/cli"."platforms.linux-arm64-musl"]
checksum = "sha256:b57e8063f18862647c9d22727c32e9da1b963f8bf9db648fe123a6975695640f"
url = "https://github.com/cli/cli/releases/download/v2.101.0/gh_2.101.0_linux_arm64.tar.gz"
url_api = "https://api.github.com/repos/cli/cli/releases/assets/565857147"
provenance = "github-attestations"

[tools."aqua:cli/cli"."platforms.linux-x64"]
checksum = "sha256:9bca2d1c16825f109907a23307628a2f0698fbf99662b73a5cf0b020293072b8"
url = "https://github.com/cli/cli/releases/download/v2.101.0/gh_2.101.0_linux_amd64.tar.gz"
url_api = "https://api.github.com/repos/cli/cli/releases/assets/565857134"
provenance = "github-attestations"

[tools."aqua:cli/cli"."platforms.linux-x64-musl"]
checksum = "sha256:9bca2d1c16825f109907a23307628a2f0698fbf99662b73a5cf0b020293072b8"
url = "https://github.com/cli/cli/releases/download/v2.101.0/gh_2.101.0_linux_amd64.tar.gz"
url_api = "https://api.github.com/repos/cli/cli/releases/assets/565857134"
provenance = "github-attestations"

[tools."aqua:cli/cli"."platforms.macos-arm64"]
checksum = "sha256:e4303e39d8f07141c4bad4b99b01079f05029c59b27076e8fbc825c985ecdd8b"
url = "https://github.com/cli/cli/releases/download/v2.101.0/gh_2.101.0_macOS_arm64.zip"
url_api = "https://api.github.com/repos/cli/cli/releases/assets/565857200"
provenance = "github-attestations"

[tools."aqua:cli/cli"."platforms.macos-x64"]
checksum = "sha256:a6fd66c88e2f07d6e4e058173db341d07dd74d58cf8f19ae668293d2bb614ca3"
url = "https://github.com/cli/cli/releases/download/v2.101.0/gh_2.101.0_macOS_amd64.zip"
url_api = "https://api.github.com/repos/cli/cli/releases/assets/565857203"
provenance = "github-attestations"

[tools."aqua:cli/cli"."platforms.windows-x64"]
checksum = "sha256:bc6c814367b193cd8e713611d61e36013c0ef843b8f516458fe3eda039192794"
url = "https://github.com/cli/cli/releases/download/v2.101.0/gh_2.101.0_windows_amd64.zip"
url_api = "https://api.github.com/repos/cli/cli/releases/assets/565857681"
provenance = "github-attestations"

[[tools."aqua:go-task/task"]]
version = "3.53.1"
backend = "aqua:go-task/task"
specifiers = ["3.53.1"]

[tools."aqua:go-task/task"."platforms.linux-arm64"]
checksum = "sha256:e3ad19101493a0112e1f22ae8ccc54bf03e533b1076a0ca1e6c782a09ad2e588"
url = "https://github.com/go-task/task/releases/download/v3.53.1/task_linux_arm64.tar.gz"
url_api = "https://api.github.com/repos/go-task/task/releases/assets/519645523"

[tools."aqua:go-task/task"."platforms.linux-arm64-musl"]
checksum = "sha256:e3ad19101493a0112e1f22ae8ccc54bf03e533b1076a0ca1e6c782a09ad2e588"
url = "https://github.com/go-task/task/releases/download/v3.53.1/task_linux_arm64.tar.gz"
url_api = "https://api.github.com/repos/go-task/task/releases/assets/519645523"

[tools."aqua:go-task/task"."platforms.linux-x64"]
checksum = "sha256:a54a408f6861ff921f6e87774180db31bacd8c1e7c944ca696db9fea49a82fc7"
url = "https://github.com/go-task/task/releases/download/v3.53.1/task_linux_amd64.tar.gz"
url_api = "https://api.github.com/repos/go-task/task/releases/assets/519645449"

[tools."aqua:go-task/task"."platforms.linux-x64-musl"]
checksum = "sha256:a54a408f6861ff921f6e87774180db31bacd8c1e7c944ca696db9fea49a82fc7"
url = "https://github.com/go-task/task/releases/download/v3.53.1/task_linux_amd64.tar.gz"
url_api = "https://api.github.com/repos/go-task/task/releases/assets/519645449"

[tools."aqua:go-task/task"."platforms.macos-arm64"]
checksum = "sha256:85d2d96c2380b33d7855b07b3f7a20dc7ca0eda999a26efa0fb5f6f32b366cd7"
url = "https://github.com/go-task/task/releases/download/v3.53.1/task_darwin_arm64.tar.gz"
url_api = "https://api.github.com/repos/go-task/task/releases/assets/519645491"

[tools."aqua:go-task/task"."platforms.macos-x64"]
checksum = "sha256:7f1a702d54a789cb818a636039a83df071f4179893133afafa4eba351a7e19ef"
url = "https://github.com/go-task/task/releases/download/v3.53.1/task_darwin_amd64.tar.gz"
url_api = "https://api.github.com/repos/go-task/task/releases/assets/519645492"

[tools."aqua:go-task/task"."platforms.windows-x64"]
checksum = "sha256:27c0cd248c12cba03d8958d954a3df981c900be885ec9ce5f6a3cdc4e9a19316"
url = "https://github.com/go-task/task/releases/download/v3.53.1/task_windows_amd64.zip"
url_api = "https://api.github.com/repos/go-task/task/releases/assets/519645548"

[[tools."aqua:loeffel-io/ls-lint"]]
version = "2.3.1"
backend = "aqua:loeffel-io/ls-lint"
specifiers = ["2.3.1"]

[tools."aqua:loeffel-io/ls-lint"."platforms.linux-arm64"]
checksum = "sha256:2abdb71243c619f0bb29587be5c228bec84c107985f2c066139ef0ec35fd3a99"
url = "https://github.com/loeffel-io/ls-lint/releases/download/v2.3.1/ls-lint-linux-arm64"
url_api = "https://api.github.com/repos/loeffel-io/ls-lint/releases/assets/260857550"

[tools."aqua:loeffel-io/ls-lint"."platforms.linux-arm64-musl"]
checksum = "sha256:2abdb71243c619f0bb29587be5c228bec84c107985f2c066139ef0ec35fd3a99"
url = "https://github.com/loeffel-io/ls-lint/releases/download/v2.3.1/ls-lint-linux-arm64"
url_api = "https://api.github.com/repos/loeffel-io/ls-lint/releases/assets/260857550"

[tools."aqua:loeffel-io/ls-lint"."platforms.linux-x64"]
checksum = "sha256:b5a0d2e4427ad039fbc574551f17679f38f142b25d15e0e538769f8cf15af397"
url = "https://github.com/loeffel-io/ls-lint/releases/download/v2.3.1/ls-lint-linux-amd64"
url_api = "https://api.github.com/repos/loeffel-io/ls-lint/releases/assets/260857547"

[tools."aqua:loeffel-io/ls-lint"."platforms.linux-x64-musl"]
checksum = "sha256:b5a0d2e4427ad039fbc574551f17679f38f142b25d15e0e538769f8cf15af397"
url = "https://github.com/loeffel-io/ls-lint/releases/download/v2.3.1/ls-lint-linux-amd64"
url_api = "https://api.github.com/repos/loeffel-io/ls-lint/releases/assets/260857547"

[tools."aqua:loeffel-io/ls-lint"."platforms.macos-arm64"]
checksum = "sha256:e4ed2ce2b7b61d6685769e34c6375ccecb14a3f00ee59438cf82d01d6236a3c4"
url = "https://github.com/loeffel-io/ls-lint/releases/download/v2.3.1/ls-lint-darwin-arm64"
url_api = "https://api.github.com/repos/loeffel-io/ls-lint/releases/assets/260857541"

[tools."aqua:loeffel-io/ls-lint"."platforms.macos-x64"]
checksum = "sha256:fc17fc642e95fd8bf7030ed661e86758bee654f6e11f1e31a5f21887f47f73ae"
url = "https://github.com/loeffel-io/ls-lint/releases/download/v2.3.1/ls-lint-darwin-amd64"
url_api = "https://api.github.com/repos/loeffel-io/ls-lint/releases/assets/260857543"

[tools."aqua:loeffel-io/ls-lint"."platforms.windows-x64"]
checksum = "sha256:94e5cfb9468e597cb513fb7a8bf26499c9315ebd505d960c74e2d4849167bd31"
url = "https://github.com/loeffel-io/ls-lint/releases/download/v2.3.1/ls-lint-windows-amd64.exe"
url_api = "https://api.github.com/repos/loeffel-io/ls-lint/releases/assets/260857557"

[[tools."aqua:lycheeverse/lychee"]]
version = "0.24.2"
backend = "aqua:lycheeverse/lychee"
specifiers = ["0.24.2"]

[tools."aqua:lycheeverse/lychee"."platforms.linux-arm64"]
checksum = "sha256:91a7bd65685da41b90ccb9bc867a3d649a7818042dae04ff405e55a25bddee4c"
url = "https://github.com/lycheeverse/lychee/releases/download/lychee-v0.24.2/lychee-aarch64-unknown-linux-gnu.tar.gz"
url_api = "https://api.github.com/repos/lycheeverse/lychee/releases/assets/409959442"

[tools."aqua:lycheeverse/lychee"."platforms.linux-arm64-musl"]
checksum = "sha256:5d0b0e3aeab240f41920c633a6eaf97599be6eedda034b36e858ede7dba5e535"
url = "https://github.com/lycheeverse/lychee/releases/download/lychee-v0.24.2/lychee-aarch64-unknown-linux-musl.tar.gz"
url_api = "https://api.github.com/repos/lycheeverse/lychee/releases/assets/409958602"

[tools."aqua:lycheeverse/lychee"."platforms.linux-x64"]
checksum = "sha256:1f4e0ef7f6554a6ed33dd7ac144fb2e1bbed98598e7af973042fc5cd43951c9a"
url = "https://github.com/lycheeverse/lychee/releases/download/lychee-v0.24.2/lychee-x86_64-unknown-linux-gnu.tar.gz"
url_api = "https://api.github.com/repos/lycheeverse/lychee/releases/assets/409959156"

[tools."aqua:lycheeverse/lychee"."platforms.linux-x64-musl"]
checksum = "sha256:73657a111819a30c47c08352896796f23d64e4eb2b3ed39b6d32149241566fc5"
url = "https://github.com/lycheeverse/lychee/releases/download/lychee-v0.24.2/lychee-x86_64-unknown-linux-musl.tar.gz"
url_api = "https://api.github.com/repos/lycheeverse/lychee/releases/assets/409959271"

[tools."aqua:lycheeverse/lychee"."platforms.macos-arm64"]
checksum = "sha256:c9d3740ea2d891854d37116c9fba840f37b6e7c89d330e7db84ac333631c4977"
url = "https://github.com/lycheeverse/lychee/releases/download/lychee-v0.24.2/lychee-aarch64-apple-darwin.tar.gz"
url_api = "https://api.github.com/repos/lycheeverse/lychee/releases/assets/409957951"

[tools."aqua:lycheeverse/lychee"."platforms.macos-x64"]
checksum = "sha256:887503a9cff667d322b8d0892b40bf49976eb9507af8483220a3706cdad55978"
url = "https://github.com/lycheeverse/lychee/releases/download/lychee-v0.24.2/lychee-x86_64-apple-darwin.tar.gz"
url_api = "https://api.github.com/repos/lycheeverse/lychee/releases/assets/409957687"

[tools."aqua:lycheeverse/lychee"."platforms.windows-x64"]
checksum = "sha256:32975d1493ee1a975d6bb41e4fb56fe419cb442ded628bb772ba2e614acfacad"
url = "https://github.com/lycheeverse/lychee/releases/download/lychee-v0.24.2/lychee-x86_64-pc-windows-msvc.zip"
url_api = "https://api.github.com/repos/lycheeverse/lychee/releases/assets/409959491"

[[tools."aqua:mikefarah/yq"]]
version = "4.54.1"
backend = "aqua:mikefarah/yq"
specifiers = ["4.54.1"]

[tools."aqua:mikefarah/yq"."platforms.linux-arm64"]
checksum = "sha256:189088da0c6429ec5178dfaab1a114805f6cab0b61b165ab236efedf1d57a71b"
url = "https://github.com/mikefarah/yq/releases/download/v4.54.1/yq_linux_arm64"
url_api = "https://api.github.com/repos/mikefarah/yq/releases/assets/597222603"
provenance = "cosign"

[tools."aqua:mikefarah/yq"."platforms.linux-arm64-musl"]
checksum = "sha256:189088da0c6429ec5178dfaab1a114805f6cab0b61b165ab236efedf1d57a71b"
url = "https://github.com/mikefarah/yq/releases/download/v4.54.1/yq_linux_arm64"
url_api = "https://api.github.com/repos/mikefarah/yq/releases/assets/597222603"
provenance = "cosign"

[tools."aqua:mikefarah/yq"."platforms.linux-x64"]
checksum = "sha256:8e34fc298390875de416e6a4afcb8cabeceb25d9aa8506c1a2f9353cf702ea5f"
url = "https://github.com/mikefarah/yq/releases/download/v4.54.1/yq_linux_amd64"
url_api = "https://api.github.com/repos/mikefarah/yq/releases/assets/597222595"
provenance = "cosign"

[tools."aqua:mikefarah/yq"."platforms.linux-x64-musl"]
checksum = "sha256:8e34fc298390875de416e6a4afcb8cabeceb25d9aa8506c1a2f9353cf702ea5f"
url = "https://github.com/mikefarah/yq/releases/download/v4.54.1/yq_linux_amd64"
url_api = "https://api.github.com/repos/mikefarah/yq/releases/assets/597222595"
provenance = "cosign"

[tools."aqua:mikefarah/yq"."platforms.macos-arm64"]
checksum = "sha256:fee511a181bd8b3e6b7da98842b41973bfac8cd3bcd341ed29a584620b5b2844"
url = "https://github.com/mikefarah/yq/releases/download/v4.54.1/yq_darwin_arm64"
url_api = "https://api.github.com/repos/mikefarah/yq/releases/assets/597222609"
provenance = "cosign"

[tools."aqua:mikefarah/yq"."platforms.macos-x64"]
checksum = "sha256:3a812fce205a4d67014fb71b7fa297092210e580df3d8f52dddc2cf3a599c22b"
url = "https://github.com/mikefarah/yq/releases/download/v4.54.1/yq_darwin_amd64"
url_api = "https://api.github.com/repos/mikefarah/yq/releases/assets/597222619"
provenance = "cosign"

[tools."aqua:mikefarah/yq"."platforms.windows-x64"]
checksum = "sha256:b645f47ebb3a0d2fbab52998550bbd0a1706f23b5ca5f5b48e638c580bb70928"
url = "https://github.com/mikefarah/yq/releases/download/v4.54.1/yq_windows_amd64.exe"
url_api = "https://api.github.com/repos/mikefarah/yq/releases/assets/597222575"
provenance = "cosign"

[[tools."aqua:rvben/rumdl"]]
version = "0.2.78"
backend = "aqua:rvben/rumdl"
specifiers = ["0.2.78"]

[tools."aqua:rvben/rumdl"."platforms.linux-arm64"]
checksum = "sha256:16e518695868a650ad0f584f60f225e65e63ffb71b46aba2428c365c7225d262"
url = "https://github.com/rvben/rumdl/releases/download/v0.2.78/rumdl-v0.2.78-aarch64-unknown-linux-gnu.tar.gz"
url_api = "https://api.github.com/repos/rvben/rumdl/releases/assets/598548742"
provenance = "github-attestations"

[tools."aqua:rvben/rumdl"."platforms.linux-arm64-musl"]
checksum = "sha256:83afca5be68f8710cf5e3faef103927af8ef8dec3b19bd33ceebef348f3e546e"
url = "https://github.com/rvben/rumdl/releases/download/v0.2.78/rumdl-v0.2.78-aarch64-unknown-linux-musl.tar.gz"
url_api = "https://api.github.com/repos/rvben/rumdl/releases/assets/598548747"
provenance = "github-attestations"

[tools."aqua:rvben/rumdl"."platforms.linux-x64"]
checksum = "sha256:5597ecab62c6cd50e63f85451fe4e763abc58195a3e7eff9186b6dfae890ca24"
url = "https://github.com/rvben/rumdl/releases/download/v0.2.78/rumdl-v0.2.78-x86_64-unknown-linux-gnu.tar.gz"
url_api = "https://api.github.com/repos/rvben/rumdl/releases/assets/598548740"
provenance = "github-attestations"

[tools."aqua:rvben/rumdl"."platforms.linux-x64-musl"]
checksum = "sha256:507d2243ca3582094588c0610c2ee5c3bcd0a50a8564149dcce4268cdf50de82"
url = "https://github.com/rvben/rumdl/releases/download/v0.2.78/rumdl-v0.2.78-x86_64-unknown-linux-musl.tar.gz"
url_api = "https://api.github.com/repos/rvben/rumdl/releases/assets/598548743"
provenance = "github-attestations"

[tools."aqua:rvben/rumdl"."platforms.macos-arm64"]
checksum = "sha256:450f00cdbf1da3bc3fbdf56c52dc9e6b2ab08bfd1ee6a26b44848e52a180dba5"
url = "https://github.com/rvben/rumdl/releases/download/v0.2.78/rumdl-v0.2.78-aarch64-apple-darwin.tar.gz"
url_api = "https://api.github.com/repos/rvben/rumdl/releases/assets/598548745"
provenance = "github-attestations"

[tools."aqua:rvben/rumdl"."platforms.macos-x64"]
checksum = "sha256:0cb4eecf286798e770c1f9e85fbf532ee135becc248a25fab388355c998543f9"
url = "https://github.com/rvben/rumdl/releases/download/v0.2.78/rumdl-v0.2.78-x86_64-apple-darwin.tar.gz"
url_api = "https://api.github.com/repos/rvben/rumdl/releases/assets/598548751"
provenance = "github-attestations"

[tools."aqua:rvben/rumdl"."platforms.windows-x64"]
checksum = "sha256:fb8f475e68e754fdddc1c7c7d85914df984465ce6a8a9e9fe5fcc434782b5f7d"
url = "https://github.com/rvben/rumdl/releases/download/v0.2.78/rumdl-v0.2.78-x86_64-pc-windows-msvc.zip"
url_api = "https://api.github.com/repos/rvben/rumdl/releases/assets/598548749"
provenance = "github-attestations"

[[tools."aqua:tombi-toml/tombi"]]
version = "1.5.10"
backend = "aqua:tombi-toml/tombi"
specifiers = ["1.5.10"]

[tools."aqua:tombi-toml/tombi"."platforms.linux-arm64"]
checksum = "sha256:055099d86273cffa12a36460dc43e9c23502313d43892e0f835b919ee6fdf77c"
url = "https://github.com/tombi-toml/tombi/releases/download/v1.5.10/tombi-cli-1.5.10-aarch64-unknown-linux-musl.tar.gz"
url_api = "https://api.github.com/repos/tombi-toml/tombi/releases/assets/599243074"
provenance = "github-attestations"

[tools."aqua:tombi-toml/tombi"."platforms.linux-arm64-musl"]
checksum = "sha256:055099d86273cffa12a36460dc43e9c23502313d43892e0f835b919ee6fdf77c"
url = "https://github.com/tombi-toml/tombi/releases/download/v1.5.10/tombi-cli-1.5.10-aarch64-unknown-linux-musl.tar.gz"
url_api = "https://api.github.com/repos/tombi-toml/tombi/releases/assets/599243074"
provenance = "github-attestations"

[tools."aqua:tombi-toml/tombi"."platforms.linux-x64"]
checksum = "sha256:53f3a910a673eb05482cc720e3c1bb197b94f43496363394cffe22cab7a12222"
url = "https://github.com/tombi-toml/tombi/releases/download/v1.5.10/tombi-cli-1.5.10-x86_64-unknown-linux-musl.tar.gz"
url_api = "https://api.github.com/repos/tombi-toml/tombi/releases/assets/599243139"
provenance = "github-attestations"

[tools."aqua:tombi-toml/tombi"."platforms.linux-x64-musl"]
checksum = "sha256:53f3a910a673eb05482cc720e3c1bb197b94f43496363394cffe22cab7a12222"
url = "https://github.com/tombi-toml/tombi/releases/download/v1.5.10/tombi-cli-1.5.10-x86_64-unknown-linux-musl.tar.gz"
url_api = "https://api.github.com/repos/tombi-toml/tombi/releases/assets/599243139"
provenance = "github-attestations"

[tools."aqua:tombi-toml/tombi"."platforms.macos-arm64"]
checksum = "sha256:3d860107751adc7d14e72d1924425227daecde5ef83be6b1b00ebdf50a81eb08"
url = "https://github.com/tombi-toml/tombi/releases/download/v1.5.10/tombi-cli-1.5.10-aarch64-apple-darwin.tar.gz"
url_api = "https://api.github.com/repos/tombi-toml/tombi/releases/assets/599243075"
provenance = "github-attestations"

[tools."aqua:tombi-toml/tombi"."platforms.macos-x64"]
checksum = "sha256:ec0e0bfec103ac9136d3ac3a1cfe9e814ad7b52af4dd425a01b2fa0425a8d515"
url = "https://github.com/tombi-toml/tombi/releases/download/v1.5.10/tombi-cli-1.5.10-x86_64-apple-darwin.tar.gz"
url_api = "https://api.github.com/repos/tombi-toml/tombi/releases/assets/599243073"
provenance = "github-attestations"

[tools."aqua:tombi-toml/tombi"."platforms.windows-x64"]
checksum = "sha256:769695f5b49048450c6775135ec40b33bf1d50b1d0dbcacded46aade4b526941"
url = "https://github.com/tombi-toml/tombi/releases/download/v1.5.10/tombi-cli-1.5.10-x86_64-pc-windows-msvc.zip"
url_api = "https://api.github.com/repos/tombi-toml/tombi/releases/assets/599243132"
provenance = "github-attestations"

[[tools."github:Infisical/cli"]]
version = "0.43.137"
backend = "github:Infisical/cli"
specifiers = ["0.43.137"]

[tools."github:Infisical/cli"."platforms.linux-arm64"]
checksum = "sha256:2b58b3f9af8a44d13c05e3f9ee102ffbe8b9af5eb752e408dae5ea48a6be23f3"
url = "https://github.com/Infisical/cli/releases/download/v0.43.137/cli_0.43.137_linux_arm64.tar.gz"
url_api = "https://api.github.com/repos/Infisical/cli/releases/assets/587040131"

[tools."github:Infisical/cli"."platforms.linux-arm64-musl"]
checksum = "sha256:2b58b3f9af8a44d13c05e3f9ee102ffbe8b9af5eb752e408dae5ea48a6be23f3"
url = "https://github.com/Infisical/cli/releases/download/v0.43.137/cli_0.43.137_linux_arm64.tar.gz"
url_api = "https://api.github.com/repos/Infisical/cli/releases/assets/587040131"

[tools."github:Infisical/cli"."platforms.linux-x64"]
checksum = "sha256:308a90c7f9c307cb9c348d352a797a3a63b02e1a7836adbe8afddfd75c855531"
url = "https://github.com/Infisical/cli/releases/download/v0.43.137/cli_0.43.137_linux_amd64.tar.gz"
url_api = "https://api.github.com/repos/Infisical/cli/releases/assets/587040120"

[tools."github:Infisical/cli"."platforms.linux-x64-musl"]
checksum = "sha256:308a90c7f9c307cb9c348d352a797a3a63b02e1a7836adbe8afddfd75c855531"
url = "https://github.com/Infisical/cli/releases/download/v0.43.137/cli_0.43.137_linux_amd64.tar.gz"
url_api = "https://api.github.com/repos/Infisical/cli/releases/assets/587040120"

[tools."github:Infisical/cli"."platforms.macos-arm64"]
checksum = "sha256:05a16daab6812de642fb1071d28a839088f204e9d4d3a0072fa5a7fc938c0d03"
url = "https://github.com/Infisical/cli/releases/download/v0.43.137/cli_0.43.137_darwin_arm64.tar.gz"
url_api = "https://api.github.com/repos/Infisical/cli/releases/assets/587034100"

[tools."github:Infisical/cli"."platforms.macos-x64"]
checksum = "sha256:134a2db5382ec62ab8c51d3aba885acba6475b4444f0e0c3f58adfdd0b28328c"
url = "https://github.com/Infisical/cli/releases/download/v0.43.137/cli_0.43.137_darwin_amd64.tar.gz"
url_api = "https://api.github.com/repos/Infisical/cli/releases/assets/587034098"

[tools."github:Infisical/cli"."platforms.windows-x64"]
checksum = "sha256:cd2a1c07b310f895e029ea1d7a1649c96ea0b313d56f9844a78f88d8409646d1"
url = "https://github.com/Infisical/cli/releases/download/v0.43.137/cli_0.43.137_windows_amd64.zip"
url_api = "https://api.github.com/repos/Infisical/cli/releases/assets/587040139"

[[tools."github:indygreg/apple-platform-rs"]]
version = "0.29.0"
backend = "github:indygreg/apple-platform-rs"
specifiers = ["0.29.0"]

[tools."github:indygreg/apple-platform-rs".options]
version_prefix = "apple-codesign/"

[tools."github:indygreg/apple-platform-rs"."platforms.linux-arm64"]
checksum = "sha256:4af92c87ddf52f5f2d1258a3b4e56c7dcb8f1b2468df744976c5f139e031961f"
url = "https://github.com/indygreg/apple-platform-rs/releases/download/apple-codesign/0.29.0/apple-codesign-0.29.0-aarch64-unknown-linux-musl.tar.gz"
url_api = "https://api.github.com/repos/indygreg/apple-platform-rs/releases/assets/209933442"

[tools."github:indygreg/apple-platform-rs"."platforms.linux-arm64-musl"]
checksum = "sha256:4af92c87ddf52f5f2d1258a3b4e56c7dcb8f1b2468df744976c5f139e031961f"
url = "https://github.com/indygreg/apple-platform-rs/releases/download/apple-codesign/0.29.0/apple-codesign-0.29.0-aarch64-unknown-linux-musl.tar.gz"
url_api = "https://api.github.com/repos/indygreg/apple-platform-rs/releases/assets/209933442"

[tools."github:indygreg/apple-platform-rs"."platforms.linux-x64"]
checksum = "sha256:dbe85cedd8ee4217b64e9a0e4c2aef92ab8bcaaa41f20bde99781ff02e600002"
url = "https://github.com/indygreg/apple-platform-rs/releases/download/apple-codesign/0.29.0/apple-codesign-0.29.0-x86_64-unknown-linux-musl.tar.gz"
url_api = "https://api.github.com/repos/indygreg/apple-platform-rs/releases/assets/209933462"

[tools."github:indygreg/apple-platform-rs"."platforms.linux-x64-musl"]
checksum = "sha256:dbe85cedd8ee4217b64e9a0e4c2aef92ab8bcaaa41f20bde99781ff02e600002"
url = "https://github.com/indygreg/apple-platform-rs/releases/download/apple-codesign/0.29.0/apple-codesign-0.29.0-x86_64-unknown-linux-musl.tar.gz"
url_api = "https://api.github.com/repos/indygreg/apple-platform-rs/releases/assets/209933462"

[tools."github:indygreg/apple-platform-rs"."platforms.macos-arm64"]
checksum = "sha256:d1a532150adaf90048260d76359261aa716abafc45c53c5dc18845029184334a"
url = "https://github.com/indygreg/apple-platform-rs/releases/download/apple-codesign/0.29.0/apple-codesign-0.29.0-aarch64-apple-darwin.tar.gz"
url_api = "https://api.github.com/repos/indygreg/apple-platform-rs/releases/assets/209933446"

[tools."github:indygreg/apple-platform-rs"."platforms.macos-x64"]
checksum = "sha256:14ef11bedd51a8d95eafd767939ae96d5900e5a61511bef75bb21db6e7c74140"
url = "https://github.com/indygreg/apple-platform-rs/releases/download/apple-codesign/0.29.0/apple-codesign-0.29.0-x86_64-apple-darwin.tar.gz"
url_api = "https://api.github.com/repos/indygreg/apple-platform-rs/releases/assets/209933455"

[tools."github:indygreg/apple-platform-rs"."platforms.windows-x64"]
checksum = "sha256:54bb500e2da7a8de02fcae0f331d1cac6e6d7173b4281042ff9c528ba3159aaa"
url = "https://github.com/indygreg/apple-platform-rs/releases/download/apple-codesign/0.29.0/apple-codesign-0.29.0-x86_64-pc-windows-msvc.zip"
url_api = "https://api.github.com/repos/indygreg/apple-platform-rs/releases/assets/209933459"

[[tools."github:kucherenko/jscpd"]]
version = "5.3.3"
backend = "github:kucherenko/jscpd"
specifiers = ["v5.3.3"]

[tools."github:kucherenko/jscpd"."platforms.linux-arm64"]
checksum = "sha256:e195c02b27ff01ad6debe0a0e4cdbec0cb0f250022c77b7c88119d020ab7c1f4"
url = "https://github.com/kucherenko/jscpd/releases/download/v5.3.3/jscpd-linux-arm64-gnu.tar.gz"
url_api = "https://api.github.com/repos/kucherenko/jscpd/releases/assets/595512986"
provenance = "github-attestations"

[tools."github:kucherenko/jscpd"."platforms.linux-arm64-musl"]
checksum = "sha256:c00da5b69f5b529ea360b28233dc2aa41b671ee28a70170c87f31666a145f4cb"
url = "https://github.com/kucherenko/jscpd/releases/download/v5.3.3/jscpd-linux-arm64-musl.tar.gz"
url_api = "https://api.github.com/repos/kucherenko/jscpd/releases/assets/595512988"
provenance = "github-attestations"

[tools."github:kucherenko/jscpd"."platforms.linux-x64"]
checksum = "sha256:0a1f298a7e010d439be0b21fb8271cf92fca10f9b10fa8eb111320f3d129b62c"
url = "https://github.com/kucherenko/jscpd/releases/download/v5.3.3/jscpd-linux-x64-gnu.tar.gz"
url_api = "https://api.github.com/repos/kucherenko/jscpd/releases/assets/595512981"
provenance = "github-attestations"

[tools."github:kucherenko/jscpd"."platforms.linux-x64-musl"]
checksum = "sha256:60e4d5517392541551d826ed1b98e96f10d056f1258907d07b8172fac53f1d1c"
url = "https://github.com/kucherenko/jscpd/releases/download/v5.3.3/jscpd-linux-x64-musl.tar.gz"
url_api = "https://api.github.com/repos/kucherenko/jscpd/releases/assets/595513018"
provenance = "github-attestations"

[tools."github:kucherenko/jscpd"."platforms.macos-arm64"]
checksum = "sha256:a90634a456876a8985abd4c4e6674355f4d76f2166fec10d0f295ee5e17c5d6c"
url = "https://github.com/kucherenko/jscpd/releases/download/v5.3.3/jscpd-darwin-arm64.tar.gz"
url_api = "https://api.github.com/repos/kucherenko/jscpd/releases/assets/595512987"
provenance = "github-attestations"

[tools."github:kucherenko/jscpd"."platforms.macos-x64"]
checksum = "sha256:d107a9c8fddfd718bfc4d98252d1123ea70ee942b7d0ae3324968de7df53e5b9"
url = "https://github.com/kucherenko/jscpd/releases/download/v5.3.3/jscpd-darwin-x64.tar.gz"
url_api = "https://api.github.com/repos/kucherenko/jscpd/releases/assets/595512991"
provenance = "github-attestations"

[tools."github:kucherenko/jscpd"."platforms.windows-x64"]
checksum = "sha256:75152cab799db1b894b4c8ba57934291d90174459f2db394bd1243a389c78071"
url = "https://github.com/kucherenko/jscpd/releases/download/v5.3.3/jscpd-windows-x64-msvc.tar.gz"
url_api = "https://api.github.com/repos/kucherenko/jscpd/releases/assets/595513031"
provenance = "github-attestations"

[[tools."github:mongodb/kingfisher"]]
version = "2.8.0"
backend = "github:mongodb/kingfisher"
specifiers = ["v2.8.0"]

[tools."github:mongodb/kingfisher"."platforms.linux-arm64"]
checksum = "sha256:cf269b3ed1e2bf2df65fd4b106fdc1e8691211b4ec28eae42c1696c02e6ad652"
url = "https://github.com/mongodb/kingfisher/releases/download/v2.8.0/kingfisher-linux-arm64.tgz"
url_api = "https://api.github.com/repos/mongodb/kingfisher/releases/assets/598616037"
provenance = "github-attestations"

[tools."github:mongodb/kingfisher"."platforms.linux-arm64-musl"]
checksum = "sha256:cf269b3ed1e2bf2df65fd4b106fdc1e8691211b4ec28eae42c1696c02e6ad652"
url = "https://github.com/mongodb/kingfisher/releases/download/v2.8.0/kingfisher-linux-arm64.tgz"
url_api = "https://api.github.com/repos/mongodb/kingfisher/releases/assets/598616037"
provenance = "github-attestations"

[tools."github:mongodb/kingfisher"."platforms.linux-x64"]
checksum = "sha256:dfc59a8962c3b7c1365e35ba161012a7b0e2f06be95f225a5153ae2abd71cf39"
url = "https://github.com/mongodb/kingfisher/releases/download/v2.8.0/kingfisher-linux-x64.tgz"
url_api = "https://api.github.com/repos/mongodb/kingfisher/releases/assets/598615875"
provenance = "github-attestations"

[tools."github:mongodb/kingfisher"."platforms.linux-x64-musl"]
checksum = "sha256:dfc59a8962c3b7c1365e35ba161012a7b0e2f06be95f225a5153ae2abd71cf39"
url = "https://github.com/mongodb/kingfisher/releases/download/v2.8.0/kingfisher-linux-x64.tgz"
url_api = "https://api.github.com/repos/mongodb/kingfisher/releases/assets/598615875"
provenance = "github-attestations"

[tools."github:mongodb/kingfisher"."platforms.macos-arm64"]
checksum = "sha256:9426201e8a65defb445ec41a02fb8cc7df268991e8f2f1cdd93c4edfb3a532f6"
url = "https://github.com/mongodb/kingfisher/releases/download/v2.8.0/kingfisher-darwin-arm64.tgz"
url_api = "https://api.github.com/repos/mongodb/kingfisher/releases/assets/598616251"
provenance = "github-attestations"

[tools."github:mongodb/kingfisher"."platforms.macos-x64"]
checksum = "sha256:87302e87efc6bfd92f0b26d1d13b16d136c258241671f38e4ef03325168e4f93"
url = "https://github.com/mongodb/kingfisher/releases/download/v2.8.0/kingfisher-darwin-x64.tgz"
url_api = "https://api.github.com/repos/mongodb/kingfisher/releases/assets/598616202"
provenance = "github-attestations"

[tools."github:mongodb/kingfisher"."platforms.windows-x64"]
checksum = "sha256:ea6c1e79df057a50083852621a041223f86ee543a173d5fb5426eed9bee3f0df"
url = "https://github.com/mongodb/kingfisher/releases/download/v2.8.0/kingfisher-windows-x64.zip"
url_api = "https://api.github.com/repos/mongodb/kingfisher/releases/assets/598615759"
provenance = "github-attestations"

[[tools."github:zizmorcore/zizmor"]]
version = "1.30.1"
backend = "github:zizmorcore/zizmor"
specifiers = ["v1.30.1"]

[tools."github:zizmorcore/zizmor"."platforms.linux-arm64"]
checksum = "sha256:7ff1dce33bdd18fd2a4affe63bdd47efcccca97b2cec1c1863ec26e9e2647540"
url = "https://github.com/zizmorcore/zizmor/releases/download/v1.30.1/zizmor-aarch64-unknown-linux-gnu.tar.gz"
url_api = "https://api.github.com/repos/zizmorcore/zizmor/releases/assets/552067643"
provenance = "github-attestations"

[tools."github:zizmorcore/zizmor"."platforms.linux-arm64-musl"]
checksum = "sha256:7ff1dce33bdd18fd2a4affe63bdd47efcccca97b2cec1c1863ec26e9e2647540"
url = "https://github.com/zizmorcore/zizmor/releases/download/v1.30.1/zizmor-aarch64-unknown-linux-gnu.tar.gz"
url_api = "https://api.github.com/repos/zizmorcore/zizmor/releases/assets/552067643"
provenance = "github-attestations"

[tools."github:zizmorcore/zizmor"."platforms.linux-x64"]
checksum = "sha256:e65324f4430c2717591937edcec90ccbefaf14c174f8ec9415e03ca875b46e1a"
url = "https://github.com/zizmorcore/zizmor/releases/download/v1.30.1/zizmor-x86_64-unknown-linux-gnu.tar.gz"
url_api = "https://api.github.com/repos/zizmorcore/zizmor/releases/assets/552067642"
provenance = "github-attestations"

[tools."github:zizmorcore/zizmor"."platforms.linux-x64-musl"]
checksum = "sha256:e65324f4430c2717591937edcec90ccbefaf14c174f8ec9415e03ca875b46e1a"
url = "https://github.com/zizmorcore/zizmor/releases/download/v1.30.1/zizmor-x86_64-unknown-linux-gnu.tar.gz"
url_api = "https://api.github.com/repos/zizmorcore/zizmor/releases/assets/552067642"
provenance = "github-attestations"

[tools."github:zizmorcore/zizmor"."platforms.macos-arm64"]
checksum = "sha256:e28d22b087f9ebb8d99da6e740d348c930f559961c7c3f12badda54f882195a2"
url = "https://github.com/zizmorcore/zizmor/releases/download/v1.30.1/zizmor-aarch64-apple-darwin.tar.gz"
url_api = "https://api.github.com/repos/zizmorcore/zizmor/releases/assets/552067640"
provenance = "github-attestations"

[tools."github:zizmorcore/zizmor"."platforms.macos-x64"]
checksum = "sha256:10e6b18b11ea07e515a16f0f0518c7b07527bc9977c1fd5698181ce7f3554202"
url = "https://github.com/zizmorcore/zizmor/releases/download/v1.30.1/zizmor-x86_64-apple-darwin.tar.gz"
url_api = "https://api.github.com/repos/zizmorcore/zizmor/releases/assets/552067641"
provenance = "github-attestations"

[tools."github:zizmorcore/zizmor"."platforms.windows-x64"]
checksum = "sha256:b183b1e996eddfab9659f1e9b46e059f1ef1cf984a1f14e5da09f7876a4b3a1c"
url = "https://github.com/zizmorcore/zizmor/releases/download/v1.30.1/zizmor-x86_64-pc-windows-msvc.zip"
url_api = "https://api.github.com/repos/zizmorcore/zizmor/releases/assets/552067645"
provenance = "github-attestations"

[[tools."packslip:github.com/jdx/fnox"]]
version = "1.36.0"
backend = "packslip:github.com/jdx/fnox"
specifiers = ["1.36.0"]

[tools."packslip:github.com/jdx/fnox"."platforms.linux-arm64"]
checksum = "sha256:a479fc6cdf52db7ec5fab8027e62debbbe7ee18f2829bcdcc4766c9dc3ef123e"
url = "https://github.com/jdx/fnox/releases/download/v1.36.0/fnox-aarch64-unknown-linux-gnu.tar.gz"
signer = "sigstore-oidc:https://github.com/jdx/fnox/.github/workflows/release.yml"
repository_ids = { repository = "1078762196", owner = "216188" }

[tools."packslip:github.com/jdx/fnox"."platforms.linux-arm64-musl"]
checksum = "sha256:1d7f21441c6dfb23fe9e27c4eed98d821c8e7f8587a7040c8f7471c79c3ed76f"
url = "https://github.com/jdx/fnox/releases/download/v1.36.0/fnox-aarch64-unknown-linux-musl.tar.gz"
signer = "sigstore-oidc:https://github.com/jdx/fnox/.github/workflows/release.yml"
repository_ids = { repository = "1078762196", owner = "216188" }

[tools."packslip:github.com/jdx/fnox"."platforms.linux-x64"]
checksum = "sha256:9c4f4dd2ae9b704016798eef18e74fecb61f954cabb8ec4b97f848332954463d"
url = "https://github.com/jdx/fnox/releases/download/v1.36.0/fnox-x86_64-unknown-linux-gnu.tar.gz"
signer = "sigstore-oidc:https://github.com/jdx/fnox/.github/workflows/release.yml"
repository_ids = { repository = "1078762196", owner = "216188" }

[tools."packslip:github.com/jdx/fnox"."platforms.linux-x64-musl"]
checksum = "sha256:4cc3b4e82d6be720078f723280a8cb918429c555aa54232be245b79440869f99"
url = "https://github.com/jdx/fnox/releases/download/v1.36.0/fnox-x86_64-unknown-linux-musl.tar.gz"
signer = "sigstore-oidc:https://github.com/jdx/fnox/.github/workflows/release.yml"
repository_ids = { repository = "1078762196", owner = "216188" }

[tools."packslip:github.com/jdx/fnox"."platforms.macos-arm64"]
checksum = "sha256:b1de28349089d62b24518f1a6103005f9f3c82aaf5ca7872e65bf3fc349e4166"
url = "https://github.com/jdx/fnox/releases/download/v1.36.0/fnox-aarch64-apple-darwin.tar.gz"
signer = "sigstore-oidc:https://github.com/jdx/fnox/.github/workflows/release.yml"
repository_ids = { repository = "1078762196", owner = "216188" }

[tools."packslip:github.com/jdx/fnox"."platforms.macos-x64"]
checksum = "sha256:7b380fd18e802da6246485f64289b66d121c2b42e1df8b017015d07be32ad9b5"
url = "https://github.com/jdx/fnox/releases/download/v1.36.0/fnox-x86_64-apple-darwin.tar.gz"
signer = "sigstore-oidc:https://github.com/jdx/fnox/.github/workflows/release.yml"
repository_ids = { repository = "1078762196", owner = "216188" }

[tools."packslip:github.com/jdx/fnox"."platforms.windows-x64"]
checksum = "sha256:49f74e04d4700ced13842ea49ae23bfeac4dd75dede35e3784c704895bddcf9a"
url = "https://github.com/jdx/fnox/releases/download/v1.36.0/fnox-x86_64-pc-windows-msvc.zip"
signer = "sigstore-oidc:https://github.com/jdx/fnox/.github/workflows/release.yml"
repository_ids = { repository = "1078762196", owner = "216188" }

[[tools."packslip:github.com/jdx/hk"]]
version = "2.4.0"
backend = "packslip:github.com/jdx/hk"
specifiers = ["2.4.0"]

[tools."packslip:github.com/jdx/hk"."platforms.linux-arm64"]
checksum = "sha256:836235bd8aa06f25e7ff28591b32efb5297abe55366e912095636a49ffe4d363"
url = "https://github.com/jdx/hk/releases/download/v2.4.0/hk-aarch64-unknown-linux-gnu.tar.gz"
signer = "sigstore-oidc:https://github.com/jdx/hk/.github/workflows/release.yml"
repository_ids = { repository = "922514152", owner = "216188" }

[tools."packslip:github.com/jdx/hk"."platforms.linux-arm64-musl"]
checksum = "sha256:ad5c5a556e0a505d9a3441868217976bd4ae610e1364e93516993b9717d9ef28"
url = "https://github.com/jdx/hk/releases/download/v2.4.0/hk-aarch64-unknown-linux-musl.tar.gz"
signer = "sigstore-oidc:https://github.com/jdx/hk/.github/workflows/release.yml"
repository_ids = { repository = "922514152", owner = "216188" }

[tools."packslip:github.com/jdx/hk"."platforms.linux-x64"]
checksum = "sha256:6efabe30aeabc4611a42ce6cf0fd46b9a19478e2cfd9acfd1bd93998736f3153"
url = "https://github.com/jdx/hk/releases/download/v2.4.0/hk-x86_64-unknown-linux-gnu.tar.gz"
signer = "sigstore-oidc:https://github.com/jdx/hk/.github/workflows/release.yml"
repository_ids = { repository = "922514152", owner = "216188" }

[tools."packslip:github.com/jdx/hk"."platforms.linux-x64-musl"]
checksum = "sha256:f34598671ca40be5c308324a60ef30b736dbbbf4259dfb511abd79009ee4de2a"
url = "https://github.com/jdx/hk/releases/download/v2.4.0/hk-x86_64-unknown-linux-musl.tar.gz"
signer = "sigstore-oidc:https://github.com/jdx/hk/.github/workflows/release.yml"
repository_ids = { repository = "922514152", owner = "216188" }

[tools."packslip:github.com/jdx/hk"."platforms.macos-arm64"]
checksum = "sha256:6e1c970b9de7ab4ee52c85869b2ea9cfe8769d25a0fe9536062e0ba62366ec59"
url = "https://github.com/jdx/hk/releases/download/v2.4.0/hk-aarch64-apple-darwin.tar.gz"
signer = "sigstore-oidc:https://github.com/jdx/hk/.github/workflows/release.yml"
repository_ids = { repository = "922514152", owner = "216188" }

[tools."packslip:github.com/jdx/hk"."platforms.windows-x64"]
checksum = "sha256:028931e00fd670ad891a428bf44e14ac8e2726a8f72b7fae80b27b6502af2be3"
url = "https://github.com/jdx/hk/releases/download/v2.4.0/hk-x86_64-pc-windows-msvc.zip"
signer = "sigstore-oidc:https://github.com/jdx/hk/.github/workflows/release.yml"
repository_ids = { repository = "922514152", owner = "216188" }

[[tools.rust]]
version = "1.98.1"
backend = "core:rust"
specifiers = ["1.98.1"]
